<?xml version="1.0" encoding="utf-8"?>
<Project ToolsVersion="4.0" xmlns="http://schemas.microsoft.com/developer/msbuild/2003">
  <ItemGroup>
    <Filter Include="Source Files">
      <UniqueIdentifier>{4FC737F1-C7A5-4376-A066-2A32D752A2FF}</UniqueIdentifier>
      <Extensions>cpp;c;cc;cxx;c++;cppm;ixx;def;odl;idl;hpj;bat;asm;asmx</Extensions>
    </Filter>
    <Filter Include="Header Files">
      <UniqueIdentifier>{93995380-89BD-4b04-88EB-625FBE52EBFB}</UniqueIdentifier>
      <Extensions>h;hh;hpp;hxx;h++;hm;inl;inc;ipp;xsd</Extensions>
    </Filter>
    <Filter Include="Resource Files">
      <UniqueIdentifier>{67DA6AB6-F800-4c08-8B7A-83BB121AAD01}</UniqueIdentifier>
      <Extensions>rc;ico;cur;bmp;dlg;rc2;rct;bin;rgs;gif;jpg;jpeg;jpe;resx;tiff;tif;png;wav;mfcribbon-ms</Extensions>
    </Filter>
    <Filter Include="Header Files\OpenGL">
      <UniqueIdentifier>{0d17dbe1-2490-418c-8426-b1bcd2e5c00c}</UniqueIdentifier>
    </Filter>
    <Filter Include="Source Files\OpenGL">
      <UniqueIdentifier>{bc33c0f8-f44a-4035-9a84-4d125159172f}</UniqueIdentifier>
    </Filter>
    <Filter Include="Header Files\DirectX">
      <UniqueIdentifier>{5e45289b-16e4-4faa-b869-b5e114cd6aa9}</UniqueIdentifier>
    </Filter>
    <Filter Include="Source Files\DirectX">
      <UniqueIdentifier>{e15736ca-9e32-4a9f-b390-878cf4a632c6}</UniqueIdentifier>
    </Filter>
    <Filter Include="Header Files\Base">
      <UniqueIdentifier>{b0c9c24e-57c8-49e9-a2b5-dd87cd441af3}</UniqueIdentifier>
    </Filter>
    <Filter Include="Source Files\Base">
      <UniqueIdentifier>{c44334a2-aad4-417c-b3e4-ee71799266ba}</UniqueIdentifier>
    </Filter>
  </ItemGroup>
  <ItemGroup>
    <ClInclude Include="COGLGraphicsAPI.h">
      <Filter>Header Files\OpenGL</Filter>
    </ClInclude>
    <ClInclude Include="COGLRTV.h">
      <Filter>Header Files\OpenGL</Filter>
    </ClInclude>
    <ClInclude Include="CDXGraphicsAPI.h">
      <Filter>Header Files\DirectX</Filter>
    </ClInclude>
    <ClInclude Include="CDXRTV.h">
      <Filter>Header Files\DirectX</Filter>
    </ClInclude>
    <ClInclude Include="CDXTexture.h">
      <Filter>Header Files\DirectX</Filter>
    </ClInclude>
    <ClInclude Include="CDXVertexShader.h">
      <Filter>Header Files\DirectX</Filter>
    </ClInclude>
    <ClInclude Include="COGLTexture.h">
      <Filter>Header Files\OpenGL</Filter>
    </ClInclude>
    <ClInclude Include="COGLVertexShader.h">
      <Filter>Header Files\OpenGL</Filter>
    </ClInclude>
    <ClInclude Include="CRTV.h">
      <Filter>Header Files\Base</Filter>
    </ClInclude>
    <ClInclude Include="CShader.h">
      <Filter>Header Files\Base</Filter>
    </ClInclude>
    <ClInclude Include="CTexture.h">
      <Filter>Header Files\Base</Filter>
    </ClInclude>
    <ClInclude Include="CGraphicsAPI.h">
      <Filter>Header Files\Base</Filter>
    </ClInclude>
    <ClInclude Include="CDXPixelShader.h">
      <Filter>Header Files\DirectX</Filter>
    </ClInclude>
    <ClInclude Include="COGLPixelShader.h">
      <Filter>Header Files\OpenGL</Filter>
    </ClInclude>
    <ClInclude Include="CBuffer.h">
      <Filter>Header Files\Base</Filter>
    </ClInclude>
    <ClInclude Include="CDXBuffer.h">
      <Filter>Header Files\DirectX</Filter>
    </ClInclude>
    <ClInclude Include="COGLBuffer.h">
      <Filter>Header Files\OpenGL</Filter>
    </ClInclude>
    <ClInclude Include="CSamplerState.h">
      <Filter>Header Files\Base</Filter>
    </ClInclude>
    <ClInclude Include="CMesh.h">
      <Filter>Header Files</Filter>
    </ClInclude>
    <ClInclude Include="CShaderProgram.h">
      <Filter>Header Files\Base</Filter>
    </ClInclude>
    <ClInclude Include="CDXShaderProgram.h">
      <Filter>Header Files\DirectX</Filter>
    </ClInclude>
    <ClInclude Include="COGLShaderProgram.h">
      <Filter>Header Files</Filter>
    </ClInclude>
    <ClInclude Include="CDXInputLayout.h">
      <Filter>Header Files</Filter>
    </ClInclude>
    <ClInclude Include="CInputLayout.h">
      <Filter>Header Files\Base</Filter>
    </ClInclude>
  </ItemGroup>
  <ItemGroup>
    <ClCompile Include="Source.cpp">
      <Filter>Source Files</Filter>
    </ClCompile>
    <ClCompile Include="COGLGraphicsAPI.cpp">
      <Filter>Source Files\OpenGL</Filter>
    </ClCompile>
    <ClCompile Include="COGLRTV.cpp">
      <Filter>Source Files\OpenGL</Filter>
    </ClCompile>
    <ClCompile Include="CDXGraphicsAPI.cpp">
      <Filter>Source Files\DirectX</Filter>
    </ClCompile>
    <ClCompile Include="CDXRTV.cpp">
      <Filter>Source Files\DirectX</Filter>
    </ClCompile>
    <ClCompile Include="CDXVertexShader.cpp">
      <Filter>Source Files\DirectX</Filter>
    </ClCompile>
    <ClCompile Include="CDXTexture.cpp">
      <Filter>Source Files\DirectX</Filter>
    </ClCompile>
    <ClCompile Include="COGLTexture.cpp">
      <Filter>Source Files\OpenGL</Filter>
    </ClCompile>
    <ClCompile Include="CRTV.cpp">
      <Filter>Source Files\Base</Filter>
    </ClCompile>
    <ClCompile Include="CShader.cpp">
      <Filter>Source Files\Base</Filter>
    </ClCompile>
    <ClCompile Include="CTexture.cpp">
      <Filter>Source Files\Base</Filter>
    </ClCompile>
    <ClCompile Include="COGLVertexShader.cpp">
      <Filter>Source Files\OpenGL</Filter>
    </ClCompile>
    <ClCompile Include="CGraphicsAPI.cpp">
      <Filter>Source Files\Base</Filter>
    </ClCompile>
    <ClCompile Include="CDXPixelShader.cpp">
      <Filter>Source Files\DirectX</Filter>
    </ClCompile>
    <ClCompile Include="COGLPixelShader.cpp">
      <Filter>Source Files\OpenGL</Filter>
    </ClCompile>
    <ClCompile Include="CBuffer.cpp">
      <Filter>Source Files\Base</Filter>
    </ClCompile>
    <ClCompile Include="CDXBuffer.cpp">
      <Filter>Source Files\DirectX</Filter>
    </ClCompile>
    <ClCompile Include="COGLBuffer.cpp">
      <Filter>Source Files\OpenGL</Filter>
    </ClCompile>
    <ClCompile Include="CSamplerState.cpp">
      <Filter>Source Files\Base</Filter>
    </ClCompile>
    <ClCompile Include="CMesh.cpp">
      <Filter>Source Files</Filter>
    </ClCompile>
    <ClCompile Include="CShaderProgram.cpp">
      <Filter>Source Files\Base</Filter>
    </ClCompile>
    <ClCompile Include="CDXShaderProgram.cpp">
      <Filter>Source Files\DirectX</Filter>
    </ClCompile>
    <ClCompile Include="COGLShaderProgram.cpp">
      <Filter>Source Files</Filter>
    </ClCompile>
    <ClCompile Include="CInputLayout.cpp">
      <Filter>Source Files</Filter>
    </ClCompile>
    <ClCompile Include="CDXInputLayout.cpp">
      <Filter>Source Files</Filter>
    </ClCompile>
  </ItemGroup>
</Project>